
Microsoft Visual Studio Solution File, Format Version 12.00
# Visual Studio Version 16
VisualStudioVersion = 16.0.30804.86
MinimumVisualStudioVersion = 10.0.40219.1
Project("{9A19103F-16F7-4668-BE54-9A1E7A4F7556}") = "DapperFiddle", "DapperFiddle.csproj", "{EAF7DEA4-37AD-46E0-95B0-E3F8505B209A}"
EndProject
Global
	GlobalSection(SolutionConfigurationPlatforms) = preSolution
		Debug|Any CPU = Debug|Any CPU
		Release|Any CPU = Release|Any CPU
	EndGlobalSection
	GlobalSection(ProjectConfigurationPlatforms) = postSolution
		{EAF7DEA4-37AD-46E0-95B0-E3F8505B209A}.Debug|Any CPU.ActiveCfg = Debug|Any CPU
		{EAF7DEA4-37AD-46E0-95B0-E3F8505B209A}.Debug|Any CPU.Build.0 = Debug|Any CPU
		{EAF7DEA4-37AD-46E0-95B0-E3F8505B209A}.Release|Any CPU.ActiveCfg = Release|Any CPU
		{EAF7DEA4-37AD-46E0-95B0-E3F8505B209A}.Release|Any CPU.Build.0 = Release|Any CPU
	EndGlobalSection
	GlobalSection(SolutionProperties) = preSolution
		HideSolutionNode = FALSE
	EndGlobalSection
	GlobalSection(ExtensibilityGlobals) = postSolution
		SolutionGuid = {F3B0B2A9-99C7-40B9-B4A1-71E12A979187}
	EndGlobalSection
EndGlobal
